// !$*UTF8*$!
{
	archiveVersion = 1;
	classes = {
	};
	objectVersion = 46;
	objects = {

/* Begin PBXBuildFile section */
		6D038EC020907CCB002B8209 /* restaurant_dish.jpg in Resources */ = {isa = PBXBuildFile; fileRef = 6D038EBF20907CCB002B8209 /* restaurant_dish.jpg */; };
		6D038EC220909040002B8209 /* RestaurantViewController.swift in Sources */ = {isa = PBXBuildFile; fileRef = 6D038EC120909040002B8209 /* RestaurantViewController.swift */; };
		6D038EC42090A16C002B8209 /* blockchain.png in Resources */ = {isa = PBXBuildFile; fileRef = 6D038EC32090A16B002B8209 /* blockchain.png */; };
		6D038EC62090A8B1002B8209 /* ServiceEndpoint.swift in Sources */ = {isa = PBXBuildFile; fileRef = 6D038EC52090A8B1002B8209 /* ServiceEndpoint.swift */; };
		6D038EC8209100AC002B8209 /* green-apple.png in Resources */ = {isa = PBXBuildFile; fileRef = 6D038EC7209100AB002B8209 /* green-apple.png */; };
		6D038ECA20910432002B8209 /* logo.png in Resources */ = {isa = PBXBuildFile; fileRef = 6D038EC920910432002B8209 /* logo.png */; };
		6D038ECC2091062F002B8209 /* qr-code.png in Resources */ = {isa = PBXBuildFile; fileRef = 6D038ECB2091062F002B8209 /* qr-code.png */; };
		6D0604F3208F9E6B00CC4FBE /* FoodFeaturesModel.swift in Sources */ = {isa = PBXBuildFile; fileRef = 6D0604F2208F9E6B00CC4FBE /* FoodFeaturesModel.swift */; };
		6D0604F5208FA00C00CC4FBE /* CustomerViewController.swift in Sources */ = {isa = PBXBuildFile; fileRef = 6D0604F4208FA00C00CC4FBE /* CustomerViewController.swift */; };
		6D0604F7208FA04C00CC4FBE /* ChefDataModel.swift in Sources */ = {isa = PBXBuildFile; fileRef = 6D0604F6208FA04C00CC4FBE /* ChefDataModel.swift */; };
		6D0604F9208FA55F00CC4FBE /* lobster_dish.jpeg in Resources */ = {isa = PBXBuildFile; fileRef = 6D0604F8208FA55F00CC4FBE /* lobster_dish.jpeg */; };
		6D0604FB208FA76C00CC4FBE /* lobster_chef.png in Resources */ = {isa = PBXBuildFile; fileRef = 6D0604FA208FA76C00CC4FBE /* lobster_chef.png */; };
		6D0604FD208FB0FF00CC4FBE /* Utilities.swift in Sources */ = {isa = PBXBuildFile; fileRef = 6D0604FC208FB0FF00CC4FBE /* Utilities.swift */; };
		6D4B2C1E20C40597001C4B21 /* RecipeViewController.swift in Sources */ = {isa = PBXBuildFile; fileRef = 6D4B2C1D20C40597001C4B21 /* RecipeViewController.swift */; };
		6D4B2C2020C40871001C4B21 /* ChefViewController.swift in Sources */ = {isa = PBXBuildFile; fileRef = 6D4B2C1F20C40871001C4B21 /* ChefViewController.swift */; };
		6D4B2C2220C40940001C4B21 /* gordon.jpeg in Resources */ = {isa = PBXBuildFile; fileRef = 6D4B2C2120C40940001C4B21 /* gordon.jpeg */; };
		6D4B2C2420C40A14001C4B21 /* FoodViewController.swift in Sources */ = {isa = PBXBuildFile; fileRef = 6D4B2C2320C40A14001C4B21 /* FoodViewController.swift */; };
		6D4B2C2620C41E58001C4B21 /* LobsterDataModel.swift in Sources */ = {isa = PBXBuildFile; fileRef = 6D4B2C2520C41E58001C4B21 /* LobsterDataModel.swift */; };
		6D4B2C2820C44A07001C4B21 /* lobster-live.jpeg in Resources */ = {isa = PBXBuildFile; fileRef = 6D4B2C2720C44A07001C4B21 /* lobster-live.jpeg */; };
		6D5B4CD3208E47D9000A436D /* FreightStationViewController.swift in Sources */ = {isa = PBXBuildFile; fileRef = 6D5B4CD2208E47D9000A436D /* FreightStationViewController.swift */; };
		6D7D0CA920C3F8A700052C8E /* MapViewController.swift in Sources */ = {isa = PBXBuildFile; fileRef = 6D7D0CA820C3F8A700052C8E /* MapViewController.swift */; };
		6DA726BF20C06B8D0060B1FA /* CustomerViewControllerModern.swift in Sources */ = {isa = PBXBuildFile; fileRef = 6DA726BE20C06B8D0060B1FA /* CustomerViewControllerModern.swift */; };
		6DA726C720C071070060B1FA /* recipe.png in Resources */ = {isa = PBXBuildFile; fileRef = 6DA726C620C071070060B1FA /* recipe.png */; };
		6DA726CD20C0727B0060B1FA /* chef.png in Resources */ = {isa = PBXBuildFile; fileRef = 6DA726CC20C0727A0060B1FA /* chef.png */; };
		6DA726D520C073EA0060B1FA /* location.png in Resources */ = {isa = PBXBuildFile; fileRef = 6DA726D420C073EA0060B1FA /* location.png */; };
		6DA726D720C074970060B1FA /* lobster.png in Resources */ = {isa = PBXBuildFile; fileRef = 6DA726D620C074970060B1FA /* lobster.png */; };
		9C35A4B41DE4EF8000650581 /* SafariServices.framework in Frameworks */ = {isa = PBXBuildFile; fileRef = 9C35A4B31DE4EF8000650581 /* SafariServices.framework */; };
		9C35A4B61DE4EF8500650581 /* Security.framework in Frameworks */ = {isa = PBXBuildFile; fileRef = 9C35A4B51DE4EF8500650581 /* Security.framework */; };
		9CA121761DAC7FFD000C2FCA /* WebKit.framework in Frameworks */ = {isa = PBXBuildFile; fileRef = 9CA121751DAC7FFD000C2FCA /* WebKit.framework */; };
		A2BD20971AC8A731007F7181 /* QSTodoDataModel.xcdatamodeld in Sources */ = {isa = PBXBuildFile; fileRef = A2BD20951AC8A731007F7181 /* QSTodoDataModel.xcdatamodeld */; };
		A2D9CBC41943C2540017F096 /* AppDelegate.swift in Sources */ = {isa = PBXBuildFile; fileRef = A2D9CBC31943C2540017F096 /* AppDelegate.swift */; };
		A2D9CBCC1943C2540017F096 /* Main.storyboard in Resources */ = {isa = PBXBuildFile; fileRef = A2D9CBCA1943C2540017F096 /* Main.storyboard */; };
		A2D9CBCE1943C2540017F096 /* Images.xcassets in Resources */ = {isa = PBXBuildFile; fileRef = A2D9CBCD1943C2540017F096 /* Images.xcassets */; };
		A2D9CBE41943C39D0017F096 /* ToDoTableViewController.swift in Sources */ = {isa = PBXBuildFile; fileRef = A2D9CBE31943C39D0017F096 /* ToDoTableViewController.swift */; };
		A2E767C6194594DC00869113 /* ToDoItemViewController.swift in Sources */ = {isa = PBXBuildFile; fileRef = A2E767C5194594DC00869113 /* ToDoItemViewController.swift */; };
		A31A89F71BF3FDFA00C7B656 /* Launch Screen.storyboard in Resources */ = {isa = PBXBuildFile; fileRef = A31A89F61BF3FDFA00C7B656 /* Launch Screen.storyboard */; };
		A3BBD77D1C05181600DD0DB0 /* MicrosoftAzureMobile.framework in Frameworks */ = {isa = PBXBuildFile; fileRef = A3BBD77C1C05181600DD0DB0 /* MicrosoftAzureMobile.framework */; };
		B289ED08FA419359F3709833 /* Pods_foodzone.framework in Frameworks */ = {isa = PBXBuildFile; fileRef = BC7517A650FB5936FB3C42AA /* Pods_foodzone.framework */; };
/* End PBXBuildFile section */

/* Begin PBXFileReference section */
		6D038EBF20907CCB002B8209 /* restaurant_dish.jpg */ = {isa = PBXFileReference; lastKnownFileType = image.jpeg; path = restaurant_dish.jpg; sourceTree = "<group>"; };
		6D038EC120909040002B8209 /* RestaurantViewController.swift */ = {isa = PBXFileReference; lastKnownFileType = sourcecode.swift; path = RestaurantViewController.swift; sourceTree = "<group>"; };
		6D038EC32090A16B002B8209 /* blockchain.png */ = {isa = PBXFileReference; lastKnownFileType = image.png; path = blockchain.png; sourceTree = "<group>"; };
		6D038EC52090A8B1002B8209 /* ServiceEndpoint.swift */ = {isa = PBXFileReference; lastKnownFileType = sourcecode.swift; path = ServiceEndpoint.swift; sourceTree = "<group>"; };
		6D038EC7209100AB002B8209 /* green-apple.png */ = {isa = PBXFileReference; lastKnownFileType = image.png; path = "green-apple.png"; sourceTree = "<group>"; };
		6D038EC920910432002B8209 /* logo.png */ = {isa = PBXFileReference; lastKnownFileType = image.png; path = logo.png; sourceTree = "<group>"; };
		6D038ECB2091062F002B8209 /* qr-code.png */ = {isa = PBXFileReference; lastKnownFileType = image.png; path = "qr-code.png"; sourceTree = "<group>"; };
		6D0604F2208F9E6B00CC4FBE /* FoodFeaturesModel.swift */ = {isa = PBXFileReference; lastKnownFileType = sourcecode.swift; path = FoodFeaturesModel.swift; sourceTree = "<group>"; };
		6D0604F4208FA00C00CC4FBE /* CustomerViewController.swift */ = {isa = PBXFileReference; lastKnownFileType = sourcecode.swift; path = CustomerViewController.swift; sourceTree = "<group>"; };
		6D0604F6208FA04C00CC4FBE /* ChefDataModel.swift */ = {isa = PBXFileReference; lastKnownFileType = sourcecode.swift; path = ChefDataModel.swift; sourceTree = "<group>"; };
		6D0604F8208FA55F00CC4FBE /* lobster_dish.jpeg */ = {isa = PBXFileReference; lastKnownFileType = image.jpeg; path = lobster_dish.jpeg; sourceTree = "<group>"; };
		6D0604FA208FA76C00CC4FBE /* lobster_chef.png */ = {isa = PBXFileReference; lastKnownFileType = image.png; path = lobster_chef.png; sourceTree = "<group>"; };
		6D0604FC208FB0FF00CC4FBE /* Utilities.swift */ = {isa = PBXFileReference; lastKnownFileType = sourcecode.swift; path = Utilities.swift; sourceTree = "<group>"; };
		6D4B2C1D20C40597001C4B21 /* RecipeViewController.swift */ = {isa = PBXFileReference; lastKnownFileType = sourcecode.swift; path = RecipeViewController.swift; sourceTree = "<group>"; };
		6D4B2C1F20C40871001C4B21 /* ChefViewController.swift */ = {isa = PBXFileReference; lastKnownFileType = sourcecode.swift; path = ChefViewController.swift; sourceTree = "<group>"; };
		6D4B2C2120C40940001C4B21 /* gordon.jpeg */ = {isa = PBXFileReference; lastKnownFileType = image.jpeg; path = gordon.jpeg; sourceTree = "<group>"; };
		6D4B2C2320C40A14001C4B21 /* FoodViewController.swift */ = {isa = PBXFileReference; lastKnownFileType = sourcecode.swift; path = FoodViewController.swift; sourceTree = "<group>"; };
		6D4B2C2520C41E58001C4B21 /* LobsterDataModel.swift */ = {isa = PBXFileReference; lastKnownFileType = sourcecode.swift; path = LobsterDataModel.swift; sourceTree = "<group>"; };
		6D4B2C2720C44A07001C4B21 /* lobster-live.jpeg */ = {isa = PBXFileReference; lastKnownFileType = image.jpeg; path = "lobster-live.jpeg"; sourceTree = "<group>"; };
		6D5B4CD2208E47D9000A436D /* FreightStationViewController.swift */ = {isa = PBXFileReference; lastKnownFileType = sourcecode.swift; path = FreightStationViewController.swift; sourceTree = "<group>"; };
		6D7D0CA820C3F8A700052C8E /* MapViewController.swift */ = {isa = PBXFileReference; lastKnownFileType = sourcecode.swift; path = MapViewController.swift; sourceTree = "<group>"; };
		6DA726BE20C06B8D0060B1FA /* CustomerViewControllerModern.swift */ = {isa = PBXFileReference; lastKnownFileType = sourcecode.swift; path = CustomerViewControllerModern.swift; sourceTree = "<group>"; };
		6DA726C620C071070060B1FA /* recipe.png */ = {isa = PBXFileReference; lastKnownFileType = image.png; path = recipe.png; sourceTree = "<group>"; };
		6DA726CC20C0727A0060B1FA /* chef.png */ = {isa = PBXFileReference; lastKnownFileType = image.png; path = chef.png; sourceTree = "<group>"; };
		6DA726D420C073EA0060B1FA /* location.png */ = {isa = PBXFileReference; lastKnownFileType = image.png; path = location.png; sourceTree = "<group>"; };
		6DA726D620C074970060B1FA /* lobster.png */ = {isa = PBXFileReference; lastKnownFileType = image.png; path = lobster.png; sourceTree = "<group>"; };
		86EEEE6A65D0E5149BDCCF23 /* Pods-foodzone.release.xcconfig */ = {isa = PBXFileReference; includeInIndex = 1; lastKnownFileType = text.xcconfig; name = "Pods-foodzone.release.xcconfig"; path = "Pods/Target Support Files/Pods-foodzone/Pods-foodzone.release.xcconfig"; sourceTree = "<group>"; };
		9C35A4B31DE4EF8000650581 /* SafariServices.framework */ = {isa = PBXFileReference; lastKnownFileType = wrapper.framework; name = SafariServices.framework; path = System/Library/Frameworks/SafariServices.framework; sourceTree = SDKROOT; };
		9C35A4B51DE4EF8500650581 /* Security.framework */ = {isa = PBXFileReference; lastKnownFileType = wrapper.framework; name = Security.framework; path = System/Library/Frameworks/Security.framework; sourceTree = SDKROOT; };
		9CA121751DAC7FFD000C2FCA /* WebKit.framework */ = {isa = PBXFileReference; lastKnownFileType = wrapper.framework; name = WebKit.framework; path = System/Library/Frameworks/WebKit.framework; sourceTree = SDKROOT; };
		A2BD20961AC8A731007F7181 /* QSTodoDataModel.xcdatamodel */ = {isa = PBXFileReference; lastKnownFileType = wrapper.xcdatamodel; path = QSTodoDataModel.xcdatamodel; sourceTree = "<group>"; };
		A2D9CBBE1943C2540017F096 /* foodzone.app */ = {isa = PBXFileReference; explicitFileType = wrapper.application; includeInIndex = 0; path = foodzone.app; sourceTree = BUILT_PRODUCTS_DIR; };
		A2D9CBC21943C2540017F096 /* Info.plist */ = {isa = PBXFileReference; lastKnownFileType = text.plist.xml; path = Info.plist; sourceTree = "<group>"; };
		A2D9CBC31943C2540017F096 /* AppDelegate.swift */ = {isa = PBXFileReference; lastKnownFileType = sourcecode.swift; path = AppDelegate.swift; sourceTree = "<group>"; };
		A2D9CBCB1943C2540017F096 /* Base */ = {isa = PBXFileReference; lastKnownFileType = file.storyboard; name = Base; path = Base.lproj/Main.storyboard; sourceTree = "<group>"; };
		A2D9CBCD1943C2540017F096 /* Images.xcassets */ = {isa = PBXFileReference; lastKnownFileType = folder.assetcatalog; path = Images.xcassets; sourceTree = "<group>"; };
		A2D9CBE31943C39D0017F096 /* ToDoTableViewController.swift */ = {isa = PBXFileReference; fileEncoding = 4; lastKnownFileType = sourcecode.swift; path = ToDoTableViewController.swift; sourceTree = "<group>"; };
		A2D9CBE81943D1340017F096 /* foodzone-Bridging-Header.h */ = {isa = PBXFileReference; lastKnownFileType = sourcecode.c.h; path = "foodzone-Bridging-Header.h"; sourceTree = "<group>"; };
		A2E767C5194594DC00869113 /* ToDoItemViewController.swift */ = {isa = PBXFileReference; fileEncoding = 4; lastKnownFileType = sourcecode.swift; path = ToDoItemViewController.swift; sourceTree = "<group>"; };
		A31A89F61BF3FDFA00C7B656 /* Launch Screen.storyboard */ = {isa = PBXFileReference; fileEncoding = 4; lastKnownFileType = file.storyboard; path = "Launch Screen.storyboard"; sourceTree = "<group>"; };
		A3BBD77C1C05181600DD0DB0 /* MicrosoftAzureMobile.framework */ = {isa = PBXFileReference; lastKnownFileType = wrapper.framework; path = MicrosoftAzureMobile.framework; sourceTree = "<group>"; };
		BC7517A650FB5936FB3C42AA /* Pods_foodzone.framework */ = {isa = PBXFileReference; explicitFileType = wrapper.framework; includeInIndex = 0; path = Pods_foodzone.framework; sourceTree = BUILT_PRODUCTS_DIR; };
		D2B0C3186C803A5F3678A09C /* Pods-foodzone.debug.xcconfig */ = {isa = PBXFileReference; includeInIndex = 1; lastKnownFileType = text.xcconfig; name = "Pods-foodzone.debug.xcconfig"; path = "Pods/Target Support Files/Pods-foodzone/Pods-foodzone.debug.xcconfig"; sourceTree = "<group>"; };
/* End PBXFileReference section */

/* Begin PBXFrameworksBuildPhase section */
		A2D9CBBB1943C2540017F096 /* Frameworks */ = {
			isa = PBXFrameworksBuildPhase;
			buildActionMask = 2147483647;
			files = (
				9C35A4B61DE4EF8500650581 /* Security.framework in Frameworks */,
				9C35A4B41DE4EF8000650581 /* SafariServices.framework in Frameworks */,
				9CA121761DAC7FFD000C2FCA /* WebKit.framework in Frameworks */,
				A3BBD77D1C05181600DD0DB0 /* MicrosoftAzureMobile.framework in Frameworks */,
				B289ED08FA419359F3709833 /* Pods_foodzone.framework in Frameworks */,
			);
			runOnlyForDeploymentPostprocessing = 0;
		};
/* End PBXFrameworksBuildPhase section */

/* Begin PBXGroup section */
		6D7D0CA720C0F64400052C8E /* images */ = {
			isa = PBXGroup;
			children = (
				6D4B2C2120C40940001C4B21 /* gordon.jpeg */,
				6D4B2C2720C44A07001C4B21 /* lobster-live.jpeg */,
				6DA726CC20C0727A0060B1FA /* chef.png */,
				6DA726D620C074970060B1FA /* lobster.png */,
				6DA726D420C073EA0060B1FA /* location.png */,
				6D038EC32090A16B002B8209 /* blockchain.png */,
				6DA726C620C071070060B1FA /* recipe.png */,
				6D038EC920910432002B8209 /* logo.png */,
				6D038EC7209100AB002B8209 /* green-apple.png */,
				6D038EBF20907CCB002B8209 /* restaurant_dish.jpg */,
				6D0604FA208FA76C00CC4FBE /* lobster_chef.png */,
				6D0604F8208FA55F00CC4FBE /* lobster_dish.jpeg */,
				6D038ECB2091062F002B8209 /* qr-code.png */,
			);
			path = images;
			sourceTree = "<group>";
		};
		9CA121741DAC7FFD000C2FCA /* Frameworks */ = {
			isa = PBXGroup;
			children = (
				9C35A4B51DE4EF8500650581 /* Security.framework */,
				9C35A4B31DE4EF8000650581 /* SafariServices.framework */,
				9CA121751DAC7FFD000C2FCA /* WebKit.framework */,
				BC7517A650FB5936FB3C42AA /* Pods_foodzone.framework */,
			);
			name = Frameworks;
			sourceTree = "<group>";
		};
		A2D9CBB51943C2540017F096 = {
			isa = PBXGroup;
			children = (
				A2D9CBC01943C2540017F096 /* foodzone */,
				A2D9CBBF1943C2540017F096 /* Products */,
				9CA121741DAC7FFD000C2FCA /* Frameworks */,
				E25846034E942E7E0709CD1B /* Pods */,
			);
			sourceTree = "<group>";
		};
		A2D9CBBF1943C2540017F096 /* Products */ = {
			isa = PBXGroup;
			children = (
				A2D9CBBE1943C2540017F096 /* foodzone.app */,
			);
			name = Products;
			sourceTree = "<group>";
		};
		A2D9CBC01943C2540017F096 /* foodzone */ = {
			isa = PBXGroup;
			children = (
				6D7D0CA720C0F64400052C8E /* images */,
				A2BD20951AC8A731007F7181 /* QSTodoDataModel.xcdatamodeld */,
				A2D9CBC31943C2540017F096 /* AppDelegate.swift */,
				A2D9CBCA1943C2540017F096 /* Main.storyboard */,
				6D4B2C2320C40A14001C4B21 /* FoodViewController.swift */,
				6D4B2C1F20C40871001C4B21 /* ChefViewController.swift */,
				6D4B2C1D20C40597001C4B21 /* RecipeViewController.swift */,
				6D7D0CA820C3F8A700052C8E /* MapViewController.swift */,
				6DA726BE20C06B8D0060B1FA /* CustomerViewControllerModern.swift */,
				6D0604F4208FA00C00CC4FBE /* CustomerViewController.swift */,
				6D038EC120909040002B8209 /* RestaurantViewController.swift */,
				6D5B4CD2208E47D9000A436D /* FreightStationViewController.swift */,
				6D0604F2208F9E6B00CC4FBE /* FoodFeaturesModel.swift */,
				6D0604F6208FA04C00CC4FBE /* ChefDataModel.swift */,
				6D4B2C2520C41E58001C4B21 /* LobsterDataModel.swift */,
				6D038EC52090A8B1002B8209 /* ServiceEndpoint.swift */,
				6D0604FC208FB0FF00CC4FBE /* Utilities.swift */,
				A2D9CBCD1943C2540017F096 /* Images.xcassets */,
				A2D9CBC11943C2540017F096 /* Supporting Files */,
				A2D9CBE31943C39D0017F096 /* ToDoTableViewController.swift */,
				A2E767C5194594DC00869113 /* ToDoItemViewController.swift */,
				A2D9CBE51943CB520017F096 /* frameworks */,
				A2D9CBE81943D1340017F096 /* foodzone-Bridging-Header.h */,
				A31A89F61BF3FDFA00C7B656 /* Launch Screen.storyboard */,
			);
			path = foodzone;
			sourceTree = "<group>";
		};
		A2D9CBC11943C2540017F096 /* Supporting Files */ = {
			isa = PBXGroup;
			children = (
				A2D9CBC21943C2540017F096 /* Info.plist */,
			);
			name = "Supporting Files";
			sourceTree = "<group>";
		};
		A2D9CBE51943CB520017F096 /* frameworks */ = {
			isa = PBXGroup;
			children = (
				A3BBD77C1C05181600DD0DB0 /* MicrosoftAzureMobile.framework */,
			);
			name = frameworks;
			path = ..;
			sourceTree = "<group>";
		};
		E25846034E942E7E0709CD1B /* Pods */ = {
			isa = PBXGroup;
			children = (
				D2B0C3186C803A5F3678A09C /* Pods-foodzone.debug.xcconfig */,
				86EEEE6A65D0E5149BDCCF23 /* Pods-foodzone.release.xcconfig */,
			);
			name = Pods;
			sourceTree = "<group>";
		};
/* End PBXGroup section */

/* Begin PBXNativeTarget section */
		A2D9CBBD1943C2540017F096 /* foodzone */ = {
			isa = PBXNativeTarget;
			buildConfigurationList = A2D9CBDD1943C2540017F096 /* Build configuration list for PBXNativeTarget "foodzone" */;
			buildPhases = (
				EF109E4ACB4679C94C41D676 /* [CP] Check Pods Manifest.lock */,
				A2D9CBBA1943C2540017F096 /* Sources */,
				A2D9CBBB1943C2540017F096 /* Frameworks */,
				A2D9CBBC1943C2540017F096 /* Resources */,
				A6ECA84875D5DBBB9FD533F6 /* [CP] Embed Pods Frameworks */,
			);
			buildRules = (
			);
			dependencies = (
			);
			name = foodzone;
			productName = foodzone;
			productReference = A2D9CBBE1943C2540017F096 /* foodzone.app */;
			productType = "com.apple.product-type.application";
		};
/* End PBXNativeTarget section */

/* Begin PBXProject section */
		A2D9CBB61943C2540017F096 /* Project object */ = {
			isa = PBXProject;
			attributes = {
				LastSwiftMigration = 0700;
				LastSwiftUpdateCheck = 0700;
				LastUpgradeCheck = 0930;
				ORGANIZATIONNAME = Microsoft;
				TargetAttributes = {
					A2D9CBBD1943C2540017F096 = {
						CreatedOnToolsVersion = 6.0;
						DevelopmentTeam = 8DXANRED7S;
						LastSwiftMigration = 0930;
					};
				};
			};
			buildConfigurationList = A2D9CBB91943C2540017F096 /* Build configuration list for PBXProject "foodzone" */;
			compatibilityVersion = "Xcode 3.2";
			developmentRegion = English;
			hasScannedForEncodings = 0;
			knownRegions = (
				en,
				Base,
			);
			mainGroup = A2D9CBB51943C2540017F096;
			productRefGroup = A2D9CBBF1943C2540017F096 /* Products */;
			projectDirPath = "";
			projectRoot = "";
			targets = (
				A2D9CBBD1943C2540017F096 /* foodzone */,
			);
		};
/* End PBXProject section */

/* Begin PBXResourcesBuildPhase section */
		A2D9CBBC1943C2540017F096 /* Resources */ = {
			isa = PBXResourcesBuildPhase;
			buildActionMask = 2147483647;
			files = (
				A2D9CBCC1943C2540017F096 /* Main.storyboard in Resources */,
				6DA726CD20C0727B0060B1FA /* chef.png in Resources */,
				6D4B2C2220C40940001C4B21 /* gordon.jpeg in Resources */,
				6DA726C720C071070060B1FA /* recipe.png in Resources */,
				6D038ECC2091062F002B8209 /* qr-code.png in Resources */,
				A2D9CBCE1943C2540017F096 /* Images.xcassets in Resources */,
				6DA726D720C074970060B1FA /* lobster.png in Resources */,
				6D038EC020907CCB002B8209 /* restaurant_dish.jpg in Resources */,
				6D0604FB208FA76C00CC4FBE /* lobster_chef.png in Resources */,
				A31A89F71BF3FDFA00C7B656 /* Launch Screen.storyboard in Resources */,
				6D038ECA20910432002B8209 /* logo.png in Resources */,
				6D0604F9208FA55F00CC4FBE /* lobster_dish.jpeg in Resources */,
				6D038EC42090A16C002B8209 /* blockchain.png in Resources */,
				6D4B2C2820C44A07001C4B21 /* lobster-live.jpeg in Resources */,
				6DA726D520C073EA0060B1FA /* location.png in Resources */,
				6D038EC8209100AC002B8209 /* green-apple.png in Resources */,
			);
			runOnlyForDeploymentPostprocessing = 0;
		};
/* End PBXResourcesBuildPhase section */

/* Begin PBXShellScriptBuildPhase section */
		A6ECA84875D5DBBB9FD533F6 /* [CP] Embed Pods Frameworks */ = {
			isa = PBXShellScriptBuildPhase;
			buildActionMask = 2147483647;
			files = (
			);
			inputPaths = (
				"${SRCROOT}/Pods/Target Support Files/Pods-foodzone/Pods-foodzone-frameworks.sh",
				"${BUILT_PRODUCTS_DIR}/AZSClient/AZSClient.framework",
				"${BUILT_PRODUCTS_DIR}/Alamofire/Alamofire.framework",
				"${BUILT_PRODUCTS_DIR}/SwiftyJSON/SwiftyJSON.framework",
			);
			name = "[CP] Embed Pods Frameworks";
			outputPaths = (
				"${TARGET_BUILD_DIR}/${FRAMEWORKS_FOLDER_PATH}/AZSClient.framework",
				"${TARGET_BUILD_DIR}/${FRAMEWORKS_FOLDER_PATH}/Alamofire.framework",
				"${TARGET_BUILD_DIR}/${FRAMEWORKS_FOLDER_PATH}/SwiftyJSON.framework",
			);
			runOnlyForDeploymentPostprocessing = 0;
			shellPath = /bin/sh;
			shellScript = "\"${SRCROOT}/Pods/Target Support Files/Pods-foodzone/Pods-foodzone-frameworks.sh\"\n";
			showEnvVarsInLog = 0;
		};
		EF109E4ACB4679C94C41D676 /* [CP] Check Pods Manifest.lock */ = {
			isa = PBXShellScriptBuildPhase;
			buildActionMask = 2147483647;
			files = (
			);
			inputPaths = (
				"${PODS_PODFILE_DIR_PATH}/Podfile.lock",
				"${PODS_ROOT}/Manifest.lock",
			);
			name = "[CP] Check Pods Manifest.lock";
			outputPaths = (
				"$(DERIVED_FILE_DIR)/Pods-foodzone-checkManifestLockResult.txt",
			);
			runOnlyForDeploymentPostprocessing = 0;
			shellPath = /bin/sh;
			shellScript = "diff \"${PODS_PODFILE_DIR_PATH}/Podfile.lock\" \"${PODS_ROOT}/Manifest.lock\" > /dev/null\nif [ $? != 0 ] ; then\n    # print error to STDERR\n    echo \"error: The sandbox is not in sync with the Podfile.lock. Run 'pod install' or update your CocoaPods installation.\" >&2\n    exit 1\nfi\n# This output is used by Xcode 'outputs' to avoid re-running this script phase.\necho \"SUCCESS\" > \"${SCRIPT_OUTPUT_FILE_0}\"\n";
			showEnvVarsInLog = 0;
		};
/* End PBXShellScriptBuildPhase section */

/* Begin PBXSourcesBuildPhase section */
		A2D9CBBA1943C2540017F096 /* Sources */ = {
			isa = PBXSourcesBuildPhase;
			buildActionMask = 2147483647;
			files = (
				6D0604F3208F9E6B00CC4FBE /* FoodFeaturesModel.swift in Sources */,
				6D4B2C2020C40871001C4B21 /* ChefViewController.swift in Sources */,
				6D038EC220909040002B8209 /* RestaurantViewController.swift in Sources */,
				6D4B2C1E20C40597001C4B21 /* RecipeViewController.swift in Sources */,
				6D5B4CD3208E47D9000A436D /* FreightStationViewController.swift in Sources */,
				6DA726BF20C06B8D0060B1FA /* CustomerViewControllerModern.swift in Sources */,
				6D0604F5208FA00C00CC4FBE /* CustomerViewController.swift in Sources */,
				6D038EC62090A8B1002B8209 /* ServiceEndpoint.swift in Sources */,
				6D7D0CA920C3F8A700052C8E /* MapViewController.swift in Sources */,
				6D4B2C2620C41E58001C4B21 /* LobsterDataModel.swift in Sources */,
				A2E767C6194594DC00869113 /* ToDoItemViewController.swift in Sources */,
				6D4B2C2420C40A14001C4B21 /* FoodViewController.swift in Sources */,
				A2BD20971AC8A731007F7181 /* QSTodoDataModel.xcdatamodeld in Sources */,
				A2D9CBE41943C39D0017F096 /* ToDoTableViewController.swift in Sources */,
				6D0604FD208FB0FF00CC4FBE /* Utilities.swift in Sources */,
				A2D9CBC41943C2540017F096 /* AppDelegate.swift in Sources */,
				6D0604F7208FA04C00CC4FBE /* ChefDataModel.swift in Sources */,
			);
			runOnlyForDeploymentPostprocessing = 0;
		};
/* End PBXSourcesBuildPhase section */

/* Begin PBXVariantGroup section */
		A2D9CBCA1943C2540017F096 /* Main.storyboard */ = {
			isa = PBXVariantGroup;
			children = (
				A2D9CBCB1943C2540017F096 /* Base */,
			);
			name = Main.storyboard;
			sourceTree = "<group>";
		};
/* End PBXVariantGroup section */

/* Begin XCBuildConfiguration section */
		A2D9CBDB1943C2540017F096 /* Debug */ = {
			isa = XCBuildConfiguration;
			buildSettings = {
				ALWAYS_SEARCH_USER_PATHS = NO;
				CLANG_CXX_LANGUAGE_STANDARD = "gnu++0x";
				CLANG_CXX_LIBRARY = "libc++";
				CLANG_ENABLE_MODULES = YES;
				CLANG_ENABLE_OBJC_ARC = YES;
				CLANG_WARN_BLOCK_CAPTURE_AUTORELEASING = YES;
				CLANG_WARN_BOOL_CONVERSION = YES;
				CLANG_WARN_COMMA = YES;
				CLANG_WARN_CONSTANT_CONVERSION = YES;
				CLANG_WARN_DEPRECATED_OBJC_IMPLEMENTATIONS = YES;
				CLANG_WARN_DIRECT_OBJC_ISA_USAGE = YES_ERROR;
				CLANG_WARN_EMPTY_BODY = YES;
				CLANG_WARN_ENUM_CONVERSION = YES;
				CLANG_WARN_INFINITE_RECURSION = YES;
				CLANG_WARN_INT_CONVERSION = YES;
				CLANG_WARN_NON_LITERAL_NULL_CONVERSION = YES;
				CLANG_WARN_OBJC_IMPLICIT_RETAIN_SELF = YES;
				CLANG_WARN_OBJC_LITERAL_CONVERSION = YES;
				CLANG_WARN_OBJC_ROOT_CLASS = YES_ERROR;
				CLANG_WARN_RANGE_LOOP_ANALYSIS = YES;
				CLANG_WARN_STRICT_PROTOTYPES = YES;
				CLANG_WARN_SUSPICIOUS_MOVE = YES;
				CLANG_WARN_UNREACHABLE_CODE = YES;
				CLANG_WARN__DUPLICATE_METHOD_MATCH = YES;
				"CODE_SIGN_IDENTITY[sdk=iphoneos*]" = "iPhone Developer";
				COPY_PHASE_STRIP = NO;
				DEBUG_INFORMATION_FORMAT = dwarf;
				ENABLE_STRICT_OBJC_MSGSEND = YES;
				ENABLE_TESTABILITY = YES;
				GCC_C_LANGUAGE_STANDARD = gnu99;
				GCC_DYNAMIC_NO_PIC = NO;
				GCC_NO_COMMON_BLOCKS = YES;
				GCC_OPTIMIZATION_LEVEL = 0;
				GCC_PREPROCESSOR_DEFINITIONS = (
					"DEBUG=1",
					"$(inherited)",
				);
				GCC_SYMBOLS_PRIVATE_EXTERN = NO;
				GCC_WARN_64_TO_32_BIT_CONVERSION = YES;
				GCC_WARN_ABOUT_RETURN_TYPE = YES_ERROR;
				GCC_WARN_UNDECLARED_SELECTOR = YES;
				GCC_WARN_UNINITIALIZED_AUTOS = YES_AGGRESSIVE;
				GCC_WARN_UNUSED_FUNCTION = YES;
				GCC_WARN_UNUSED_VARIABLE = YES;
				IPHONEOS_DEPLOYMENT_TARGET = 9.0;
				METAL_ENABLE_DEBUG_INFO = YES;
				ONLY_ACTIVE_ARCH = YES;
				SDKROOT = iphoneos;
				SWIFT_OPTIMIZATION_LEVEL = "-Onone";
				SWIFT_VERSION = 3.0;
				TARGETED_DEVICE_FAMILY = "1,2";
			};
			name = Debug;
		};
		A2D9CBDC1943C2540017F096 /* Release */ = {
			isa = XCBuildConfiguration;
			buildSettings = {
				ALWAYS_SEARCH_USER_PATHS = NO;
				CLANG_CXX_LANGUAGE_STANDARD = "gnu++0x";
				CLANG_CXX_LIBRARY = "libc++";
				CLANG_ENABLE_MODULES = YES;
				CLANG_ENABLE_OBJC_ARC = YES;
				CLANG_WARN_BLOCK_CAPTURE_AUTORELEASING = YES;
				CLANG_WARN_BOOL_CONVERSION = YES;
				CLANG_WARN_COMMA = YES;
				CLANG_WARN_CONSTANT_CONVERSION = YES;
				CLANG_WARN_DEPRECATED_OBJC_IMPLEMENTATIONS = YES;
				CLANG_WARN_DIRECT_OBJC_ISA_USAGE = YES_ERROR;
				CLANG_WARN_EMPTY_BODY = YES;
				CLANG_WARN_ENUM_CONVERSION = YES;
				CLANG_WARN_INFINITE_RECURSION = YES;
				CLANG_WARN_INT_CONVERSION = YES;
				CLANG_WARN_NON_LITERAL_NULL_CONVERSION = YES;
				CLANG_WARN_OBJC_IMPLICIT_RETAIN_SELF = YES;
				CLANG_WARN_OBJC_LITERAL_CONVERSION = YES;
				CLANG_WARN_OBJC_ROOT_CLASS = YES_ERROR;
				CLANG_WARN_RANGE_LOOP_ANALYSIS = YES;
				CLANG_WARN_STRICT_PROTOTYPES = YES;
				CLANG_WARN_SUSPICIOUS_MOVE = YES;
				CLANG_WARN_UNREACHABLE_CODE = YES;
				CLANG_WARN__DUPLICATE_METHOD_MATCH = YES;
				"CODE_SIGN_IDENTITY[sdk=iphoneos*]" = "iPhone Developer";
				COPY_PHASE_STRIP = YES;
				ENABLE_NS_ASSERTIONS = NO;
				ENABLE_STRICT_OBJC_MSGSEND = YES;
				GCC_C_LANGUAGE_STANDARD = gnu99;
				GCC_NO_COMMON_BLOCKS = YES;
				GCC_WARN_64_TO_32_BIT_CONVERSION = YES;
				GCC_WARN_ABOUT_RETURN_TYPE = YES_ERROR;
				GCC_WARN_UNDECLARED_SELECTOR = YES;
				GCC_WARN_UNINITIALIZED_AUTOS = YES_AGGRESSIVE;
				GCC_WARN_UNUSED_FUNCTION = YES;
				GCC_WARN_UNUSED_VARIABLE = YES;
				IPHONEOS_DEPLOYMENT_TARGET = 9.0;
				METAL_ENABLE_DEBUG_INFO = NO;
				SDKROOT = iphoneos;
				SWIFT_COMPILATION_MODE = wholemodule;
				SWIFT_VERSION = 3.0;
				TARGETED_DEVICE_FAMILY = "1,2";
				VALIDATE_PRODUCT = YES;
			};
			name = Release;
		};
		A2D9CBDE1943C2540017F096 /* Debug */ = {
			isa = XCBuildConfiguration;
			baseConfigurationReference = D2B0C3186C803A5F3678A09C /* Pods-foodzone.debug.xcconfig */;
			buildSettings = {
				ASSETCATALOG_COMPILER_APPICON_NAME = AppIcon;
				CLANG_ENABLE_MODULES = YES;
				DEBUG_INFORMATION_FORMAT = dwarf;
				DEVELOPMENT_TEAM = 8DXANRED7S;
				FRAMEWORK_SEARCH_PATHS = (
					"$(inherited)",
					"$(PROJECT_DIR)",
				);
				INFOPLIST_FILE = foodzone/Info.plist;
				IPHONEOS_DEPLOYMENT_TARGET = 9.0;
				LD_RUNPATH_SEARCH_PATHS = "$(inherited) @executable_path/Frameworks";
				PRODUCT_BUNDLE_IDENTIFIER = "Microsoft.${PRODUCT_NAME:rfc1034identifier}";
				PRODUCT_NAME = "$(TARGET_NAME)";
				SWIFT_OBJC_BRIDGING_HEADER = "foodzone/foodzone-Bridging-Header.h";
				SWIFT_OPTIMIZATION_LEVEL = "-Onone";
				SWIFT_SWIFT3_OBJC_INFERENCE = On;
				SWIFT_VERSION = 4.0;
			};
			name = Debug;
		};
		A2D9CBDF1943C2540017F096 /* Release */ = {
			isa = XCBuildConfiguration;
			baseConfigurationReference = 86EEEE6A65D0E5149BDCCF23 /* Pods-foodzone.release.xcconfig */;
			buildSettings = {
				ASSETCATALOG_COMPILER_APPICON_NAME = AppIcon;
				CLANG_ENABLE_MODULES = YES;
				DEVELOPMENT_TEAM = 8DXANRED7S;
				FRAMEWORK_SEARCH_PATHS = (
					"$(inherited)",
					"$(PROJECT_DIR)",
				);
				INFOPLIST_FILE = foodzone/Info.plist;
				IPHONEOS_DEPLOYMENT_TARGET = 9.0;
				LD_RUNPATH_SEARCH_PATHS = "$(inherited) @executable_path/Frameworks";
				PRODUCT_BUNDLE_IDENTIFIER = "Microsoft.${PRODUCT_NAME:rfc1034identifier}";
				PRODUCT_NAME = "$(TARGET_NAME)";
				SWIFT_OBJC_BRIDGING_HEADER = "foodzone/foodzone-Bridging-Header.h";
				SWIFT_SWIFT3_OBJC_INFERENCE = On;
				SWIFT_VERSION = 4.0;
			};
			name = Release;
		};
/* End XCBuildConfiguration section */

/* Begin XCConfigurationList section */
		A2D9CBB91943C2540017F096 /* Build configuration list for PBXProject "foodzone" */ = {
			isa = XCConfigurationList;
			buildConfigurations = (
				A2D9CBDB1943C2540017F096 /* Debug */,
				A2D9CBDC1943C2540017F096 /* Release */,
			);
			defaultConfigurationIsVisible = 0;
			defaultConfigurationName = Release;
		};
		A2D9CBDD1943C2540017F096 /* Build configuration list for PBXNativeTarget "foodzone" */ = {
			isa = XCConfigurationList;
			buildConfigurations = (
				A2D9CBDE1943C2540017F096 /* Debug */,
				A2D9CBDF1943C2540017F096 /* Release */,
			);
			defaultConfigurationIsVisible = 0;
			defaultConfigurationName = Release;
		};
/* End XCConfigurationList section */

/* Begin XCVersionGroup section */
		A2BD20951AC8A731007F7181 /* QSTodoDataModel.xcdatamodeld */ = {
			isa = XCVersionGroup;
			children = (
				A2BD20961AC8A731007F7181 /* QSTodoDataModel.xcdatamodel */,
			);
			currentVersion = A2BD20961AC8A731007F7181 /* QSTodoDataModel.xcdatamodel */;
			path = QSTodoDataModel.xcdatamodeld;
			sourceTree = "<group>";
			versionGroupType = wrapper.xcdatamodel;
		};
/* End XCVersionGroup section */
	};
	rootObject = A2D9CBB61943C2540017F096 /* Project object */;
}
